
Microsoft Visual Studio Solution File, Format Version 12.00
# Visual Studio Version 16
VisualStudioVersion = 16.0.29503.13
MinimumVisualStudioVersion = 10.0.40219.1
Project("{9A19103F-16F7-4668-BE54-9A1E7A4F7556}") = "SFA.DAS.Rofjaa.Api", "SFA.DAS.Rofjaa.Api\SFA.DAS.Rofjaa.Api.csproj", "{52499A9C-BC56-43C5-B538-F8CF03DA999C}"
EndProject
Project("{9A19103F-16F7-4668-BE54-9A1E7A4F7556}") = "SFA.DAS.Rofjaa.Application", "SFA.DAS.Rofjaa.Application\SFA.DAS.Rofjaa.Application.csproj", "{9817A4FE-9D15-4C14-B798-D5717E70CCC1}"
EndProject
Project("{2150E333-8FDC-42A3-9474-1A3956D46DE8}") = "Tests", "Tests", "{2D5BA2D4-5473-4661-B8DA-16F7C31BD5BD}"
EndProject
Project("{9A19103F-16F7-4668-BE54-9A1E7A4F7556}") = "SFA.DAS.Rofjaa.Application.UnitTests", "SFA.DAS.Rofjaa.Application.UnitTests\SFA.DAS.Rofjaa.Application.UnitTests.csproj", "{DE319EE7-8743-4193-A1C5-84698557307E}"
EndProject
Project("{00D1A9C2-B5F0-4AF3-8072-F6C62B433612}") = "SFA.DAS.Rofjaa.Database", "SFA.DAS.Rofjaa.Database\SFA.DAS.Rofjaa.Database.sqlproj", "{8EE80DB6-D02E-4D04-8350-407BA322E5AF}"
EndProject
Project("{9A19103F-16F7-4668-BE54-9A1E7A4F7556}") = "SFA.DAS.Rofjaa.Infrastructure", "SFA.DAS.Rofjaa.Infrastructure\SFA.DAS.Rofjaa.Infrastructure.csproj", "{BCAB4ABA-AE1F-46D0-B33B-33355F8F2FB0}"
EndProject
Project("{9A19103F-16F7-4668-BE54-9A1E7A4F7556}") = "SFA.DAS.Rofjaa.Domain", "SFA.DAS.Rofjaa.Domain\SFA.DAS.Rofjaa.Domain.csproj", "{44F09FAD-FC66-4D24-B59E-C131ABA6F658}"
EndProject
Project("{9A19103F-16F7-4668-BE54-9A1E7A4F7556}") = "SFA.DAS.Rofjaa.Data", "SFA.DAS.Rofjaa.Data\SFA.DAS.Rofjaa.Data.csproj", "{A644BCD7-58DE-49BB-93C9-6D9439A2D051}"
EndProject
Project("{9A19103F-16F7-4668-BE54-9A1E7A4F7556}") = "SFA.DAS.Rofjaa.Api.UnitTests", "SFA.DAS.Rofjaa.Api.UnitTests\SFA.DAS.Rofjaa.Api.UnitTests.csproj", "{E3F8475D-D248-4CD1-9E7F-A613DDD2D7B6}"
EndProject
Project("{9A19103F-16F7-4668-BE54-9A1E7A4F7556}") = "SFA.DAS.Rofjaa.Data.UnitTests", "SFA.DAS.Rofjaa.Data.UnitTests\SFA.DAS.Rofjaa.Data.UnitTests.csproj", "{0CA16441-4C8B-4FC3-BD23-08F25F491336}"
EndProject
Project("{2150E333-8FDC-42A3-9474-1A3956D46DE8}") = "Solution Items", "Solution Items", "{1BAB424D-A7C3-4C20-9E53-817EA2A929DE}"
	ProjectSection(SolutionItems) = preProject
		.editorconfig = .editorconfig
	EndProjectSection
EndProject
Project("{9A19103F-16F7-4668-BE54-9A1E7A4F7556}") = "SFA.DAS.Rofjaa.Infrastructure.UnitTests", "SFA.DAS.Rofjaa.Infrastructure.UnitTests\SFA.DAS.Rofjaa.Infrastructure.UnitTests.csproj", "{29EF260E-F154-4EEE-8312-4AEDFC35BF7A}"
EndProject
Project("{9A19103F-16F7-4668-BE54-9A1E7A4F7556}") = "SFA.DAS.Rofjaa.Domain.UnitTests", "SFA.DAS.Rofjaa.Domain.UnitTests\SFA.DAS.Rofjaa.Domain.UnitTests.csproj", "{067BF3D1-9582-4CDD-8DDD-8EB4BC4899EC}"
EndProject
Project("{9A19103F-16F7-4668-BE54-9A1E7A4F7556}") = "SFA.DAS.Rofjaa.Api.AcceptanceTests", "SFA.DAS.Rofjaa.Api.AcceptanceTests\SFA.DAS.Rofjaa.Api.AcceptanceTests.csproj", "{F89B4688-2BBF-4114-BB20-7CAB7E7FA0E8}"
EndProject
Global
	GlobalSection(SolutionConfigurationPlatforms) = preSolution
		Debug|Any CPU = Debug|Any CPU
		Release|Any CPU = Release|Any CPU
	EndGlobalSection
	GlobalSection(ProjectConfigurationPlatforms) = postSolution
		{52499A9C-BC56-43C5-B538-F8CF03DA999C}.Debug|Any CPU.ActiveCfg = Debug|Any CPU
		{52499A9C-BC56-43C5-B538-F8CF03DA999C}.Debug|Any CPU.Build.0 = Debug|Any CPU
		{52499A9C-BC56-43C5-B538-F8CF03DA999C}.Release|Any CPU.ActiveCfg = Release|Any CPU
		{52499A9C-BC56-43C5-B538-F8CF03DA999C}.Release|Any CPU.Build.0 = Release|Any CPU
		{8EE80DB6-D02E-4D04-8350-407BA322E5AF}.Debug|Any CPU.ActiveCfg = Debug|Any CPU
		{8EE80DB6-D02E-4D04-8350-407BA322E5AF}.Debug|Any CPU.Build.0 = Debug|Any CPU
		{8EE80DB6-D02E-4D04-8350-407BA322E5AF}.Debug|Any CPU.Deploy.0 = Debug|Any CPU
		{8EE80DB6-D02E-4D04-8350-407BA322E5AF}.Release|Any CPU.ActiveCfg = Release|Any CPU
		{8EE80DB6-D02E-4D04-8350-407BA322E5AF}.Release|Any CPU.Build.0 = Release|Any CPU
		{8EE80DB6-D02E-4D04-8350-407BA322E5AF}.Release|Any CPU.Deploy.0 = Release|Any CPU
		{9817A4FE-9D15-4C14-B798-D5717E70CCC1}.Debug|Any CPU.ActiveCfg = Debug|Any CPU
		{9817A4FE-9D15-4C14-B798-D5717E70CCC1}.Debug|Any CPU.Build.0 = Debug|Any CPU
		{9817A4FE-9D15-4C14-B798-D5717E70CCC1}.Release|Any CPU.ActiveCfg = Release|Any CPU
		{9817A4FE-9D15-4C14-B798-D5717E70CCC1}.Release|Any CPU.Build.0 = Release|Any CPU
		{DE319EE7-8743-4193-A1C5-84698557307E}.Debug|Any CPU.ActiveCfg = Debug|Any CPU
		{DE319EE7-8743-4193-A1C5-84698557307E}.Release|Any CPU.ActiveCfg = Release|Any CPU
		{DE319EE7-8743-4193-A1C5-84698557307E}.Release|Any CPU.Build.0 = Release|Any CPU
		{DE319EE7-8743-4193-A1C5-84698557307E}.Debug|Any CPU.Build.0 = Debug|Any CPU
		{BCAB4ABA-AE1F-46D0-B33B-33355F8F2FB0}.Debug|Any CPU.ActiveCfg = Debug|Any CPU
		{BCAB4ABA-AE1F-46D0-B33B-33355F8F2FB0}.Debug|Any CPU.Build.0 = Debug|Any CPU
		{BCAB4ABA-AE1F-46D0-B33B-33355F8F2FB0}.Release|Any CPU.ActiveCfg = Release|Any CPU
		{BCAB4ABA-AE1F-46D0-B33B-33355F8F2FB0}.Release|Any CPU.Build.0 = Release|Any CPU
		{44F09FAD-FC66-4D24-B59E-C131ABA6F658}.Debug|Any CPU.ActiveCfg = Debug|Any CPU
		{44F09FAD-FC66-4D24-B59E-C131ABA6F658}.Debug|Any CPU.Build.0 = Debug|Any CPU
		{44F09FAD-FC66-4D24-B59E-C131ABA6F658}.Release|Any CPU.ActiveCfg = Release|Any CPU
		{44F09FAD-FC66-4D24-B59E-C131ABA6F658}.Release|Any CPU.Build.0 = Release|Any CPU
		{A644BCD7-58DE-49BB-93C9-6D9439A2D051}.Debug|Any CPU.ActiveCfg = Debug|Any CPU
		{A644BCD7-58DE-49BB-93C9-6D9439A2D051}.Debug|Any CPU.Build.0 = Debug|Any CPU
		{A644BCD7-58DE-49BB-93C9-6D9439A2D051}.Release|Any CPU.ActiveCfg = Release|Any CPU
		{A644BCD7-58DE-49BB-93C9-6D9439A2D051}.Release|Any CPU.Build.0 = Release|Any CPU
		{E3F8475D-D248-4CD1-9E7F-A613DDD2D7B6}.Debug|Any CPU.ActiveCfg = Debug|Any CPU
		{E3F8475D-D248-4CD1-9E7F-A613DDD2D7B6}.Release|Any CPU.ActiveCfg = Release|Any CPU
		{E3F8475D-D248-4CD1-9E7F-A613DDD2D7B6}.Release|Any CPU.Build.0 = Release|Any CPU
		{E3F8475D-D248-4CD1-9E7F-A613DDD2D7B6}.Debug|Any CPU.Build.0 = Debug|Any CPU
		{0CA16441-4C8B-4FC3-BD23-08F25F491336}.Debug|Any CPU.ActiveCfg = Debug|Any CPU
		{0CA16441-4C8B-4FC3-BD23-08F25F491336}.Release|Any CPU.ActiveCfg = Release|Any CPU
		{0CA16441-4C8B-4FC3-BD23-08F25F491336}.Release|Any CPU.Build.0 = Release|Any CPU
		{0CA16441-4C8B-4FC3-BD23-08F25F491336}.Debug|Any CPU.Build.0 = Debug|Any CPU
		{29EF260E-F154-4EEE-8312-4AEDFC35BF7A}.Debug|Any CPU.ActiveCfg = Debug|Any CPU
		{29EF260E-F154-4EEE-8312-4AEDFC35BF7A}.Release|Any CPU.ActiveCfg = Release|Any CPU
		{29EF260E-F154-4EEE-8312-4AEDFC35BF7A}.Release|Any CPU.Build.0 = Release|Any CPU
		{29EF260E-F154-4EEE-8312-4AEDFC35BF7A}.Debug|Any CPU.Build.0 = Debug|Any CPU
		{067BF3D1-9582-4CDD-8DDD-8EB4BC4899EC}.Debug|Any CPU.ActiveCfg = Debug|Any CPU
		{067BF3D1-9582-4CDD-8DDD-8EB4BC4899EC}.Release|Any CPU.ActiveCfg = Release|Any CPU
		{067BF3D1-9582-4CDD-8DDD-8EB4BC4899EC}.Release|Any CPU.Build.0 = Release|Any CPU
		{067BF3D1-9582-4CDD-8DDD-8EB4BC4899EC}.Debug|Any CPU.Build.0 = Debug|Any CPU
		{F89B4688-2BBF-4114-BB20-7CAB7E7FA0E8}.Debug|Any CPU.ActiveCfg = Debug|Any CPU
		{F89B4688-2BBF-4114-BB20-7CAB7E7FA0E8}.Release|Any CPU.ActiveCfg = Release|Any CPU
		{F89B4688-2BBF-4114-BB20-7CAB7E7FA0E8}.Release|Any CPU.Build.0 = Release|Any CPU
	EndGlobalSection
	GlobalSection(SolutionProperties) = preSolution
		HideSolutionNode = FALSE
	EndGlobalSection
	GlobalSection(NestedProjects) = preSolution
		{DE319EE7-8743-4193-A1C5-84698557307E} = {2D5BA2D4-5473-4661-B8DA-16F7C31BD5BD}
		{E3F8475D-D248-4CD1-9E7F-A613DDD2D7B6} = {2D5BA2D4-5473-4661-B8DA-16F7C31BD5BD}
		{0CA16441-4C8B-4FC3-BD23-08F25F491336} = {2D5BA2D4-5473-4661-B8DA-16F7C31BD5BD}
		{29EF260E-F154-4EEE-8312-4AEDFC35BF7A} = {2D5BA2D4-5473-4661-B8DA-16F7C31BD5BD}
		{067BF3D1-9582-4CDD-8DDD-8EB4BC4899EC} = {2D5BA2D4-5473-4661-B8DA-16F7C31BD5BD}
		{F89B4688-2BBF-4114-BB20-7CAB7E7FA0E8} = {2D5BA2D4-5473-4661-B8DA-16F7C31BD5BD}
	EndGlobalSection
	GlobalSection(ExtensibilityGlobals) = postSolution
		SolutionGuid = {F2696654-8E1B-47D0-8283-6D38B7D18F98}
	EndGlobalSection
EndGlobal
